github.com/beevik/etree v1.1.0 h1:T0xke/WvNtMoCqgzPhkX2r4rjY3GDZFi+FjpRZY2Jbs=
github.com/beevik/etree v1.1.0/go.mod h1:r8Aw8JqVegEf0w2fDnATrX9VpkMcyFeM0FhwO62wh+A=
github.com/medivhzhan/weapp v1.5.1 h1:v5F/ITY0FxIHd8XrETue+lmuo/hD5xVVQ5egDkV54Io=
github.com/medivhzhan/weapp v1.5.1/go.mod h1:a0lS9tWHTyO5yj9nIJFcmLjrQi7XN4BxaYXKWZcRiAc=
